lockfileVersion: '9.0'

settings:
  autoInstallPeers: true
  excludeLinksFromLockfile: false

importers:

  .:
    dependencies:
      gede-book-api:
        specifier: ^1.0.22
        version: 1.0.22

packages:

  gede-book-api@1.0.22:
    resolution: {integrity: sha512-XPDdZr8LwlZXlQQyrVZHH9VYAmozgAQiS45b7Q9TA5nq2BYS7pT/qGqLE6ZrL65Vhp1OinyyT+3McGsiCnEFeQ==}

snapshots:

  gede-book-api@1.0.22: {}
