github.com/iuroc/gododo v1.1.5 h1:h0t6z+iUEwSM8PK9p9KwIBirjIz1CLbtRitc6c31eNc=
github.com/iuroc/gododo v1.1.5/go.mod h1:dsVKEaUxVgC6wFn+MQSlg4k4HQ26Tnho5phMQQoKPfg=
github.com/skip2/go-qrcode v0.0.0-20200617195104-da1b6568686e h1:MRM5ITcdelLK2j1vwZ3Je0FKVCfqOLp5zO6trqMLYs0=
github.com/skip2/go-qrcode v0.0.0-20200617195104-da1b6568686e/go.mod h1:XV66xRDqSt+GTGFMVlhk3ULuV0y9ZmzeVGR4mloJI3M=
